// !$*UTF8*$!
{
	archiveVersion = 1;
	classes = {
	};
	objectVersion = 55;
	objects = {

/* Begin PBXBuildFile section */
		B416572528F9BBA600DB5506 /* CarsApp.swift in Sources */ = {isa = PBXBuildFile; fileRef = B416572428F9BBA600DB5506 /* CarsApp.swift */; };
		B416572728F9BBA600DB5506 /* ContentView.swift in Sources */ = {isa = PBXBuildFile; fileRef = B416572628F9BBA600DB5506 /* ContentView.swift */; };
		B416572928F9BBA800DB5506 /* Assets.xcassets in Resources */ = {isa = PBXBuildFile; fileRef = B416572828F9BBA800DB5506 /* Assets.xcassets */; };
		B416572C28F9BBA800DB5506 /* Preview Assets.xcassets in Resources */ = {isa = PBXBuildFile; fileRef = B416572B28F9BBA800DB5506 /* Preview Assets.xcassets */; };
		B416574028F9BBA800DB5506 /* CarsUITests.swift in Sources */ = {isa = PBXBuildFile; fileRef = B416573F28F9BBA800DB5506 /* CarsUITests.swift */; };
		B416574228F9BBA800DB5506 /* CarsUITestsLaunchTests.swift in Sources */ = {isa = PBXBuildFile; fileRef = B416574128F9BBA800DB5506 /* CarsUITestsLaunchTests.swift */; };
		B491D4C628F9CE440096A299 /* car_list.json in Resources */ = {isa = PBXBuildFile; fileRef = B491D4C528F9CE440096A299 /* car_list.json */; };
		B491D4C828F9CF070096A299 /* Colors.xcassets in Resources */ = {isa = PBXBuildFile; fileRef = B491D4C728F9CF070096A299 /* Colors.xcassets */; };
		B491D4CA28F9D1DB0096A299 /* Car.swift in Sources */ = {isa = PBXBuildFile; fileRef = B491D4C928F9D1DB0096A299 /* Car.swift */; };
		B491D4CE28F9D8220096A299 /* CarDetailView.swift in Sources */ = {isa = PBXBuildFile; fileRef = B491D4CD28F9D8220096A299 /* CarDetailView.swift */; };
		B491D4D128F9D9390096A299 /* CarDetailViewModel.swift in Sources */ = {isa = PBXBuildFile; fileRef = B491D4D028F9D9390096A299 /* CarDetailViewModel.swift */; };
		B491D4D428F9E2DC0096A299 /* Color+Extensions.swift in Sources */ = {isa = PBXBuildFile; fileRef = B491D4D328F9E2DC0096A299 /* Color+Extensions.swift */; };
		B491D4D628F9E7470096A299 /* CarRatingView.swift in Sources */ = {isa = PBXBuildFile; fileRef = B491D4D528F9E7470096A299 /* CarRatingView.swift */; };
		B491D4D928F9EFAF0096A299 /* CarService.swift in Sources */ = {isa = PBXBuildFile; fileRef = B491D4D828F9EFAF0096A299 /* CarService.swift */; };
		B491D4DB28F9F14F0096A299 /* CarServiceTests.swift in Sources */ = {isa = PBXBuildFile; fileRef = B491D4DA28F9F14F0096A299 /* CarServiceTests.swift */; };
		B491D4DD28F9F7C20096A299 /* CarsListView.swift in Sources */ = {isa = PBXBuildFile; fileRef = B491D4DC28F9F7C20096A299 /* CarsListView.swift */; };
		B491D4DF28F9F7F70096A299 /* CarsListViewModel.swift in Sources */ = {isa = PBXBuildFile; fileRef = B491D4DE28F9F7F70096A299 /* CarsListViewModel.swift */; };
		B491D4E128F9FCEB0096A299 /* CartDetailViewModelTests.swift in Sources */ = {isa = PBXBuildFile; fileRef = B491D4E028F9FCEB0096A299 /* CartDetailViewModelTests.swift */; };
		B493254A28FAA56E00E12C4A /* SeparatorView.swift in Sources */ = {isa = PBXBuildFile; fileRef = B493254928FAA56E00E12C4A /* SeparatorView.swift */; };
		B493254C28FAB83500E12C4A /* BulletPointView.swift in Sources */ = {isa = PBXBuildFile; fileRef = B493254B28FAB83500E12C4A /* BulletPointView.swift */; };
		B493254E28FB0C3D00E12C4A /* FiltersView.swift in Sources */ = {isa = PBXBuildFile; fileRef = B493254D28FB0C3D00E12C4A /* FiltersView.swift */; };
		B493255028FB185600E12C4A /* Make.swift in Sources */ = {isa = PBXBuildFile; fileRef = B493254F28FB185600E12C4A /* Make.swift */; };
		B493255228FB18C200E12C4A /* Model.swift in Sources */ = {isa = PBXBuildFile; fileRef = B493255128FB18C200E12C4A /* Model.swift */; };
		B493255428FB25B900E12C4A /* CarsListViewModelTests.swift in Sources */ = {isa = PBXBuildFile; fileRef = B493255328FB25B900E12C4A /* CarsListViewModelTests.swift */; };
		B493255628FB4F7400E12C4A /* String+Extension.swift in Sources */ = {isa = PBXBuildFile; fileRef = B493255528FB4F7400E12C4A /* String+Extension.swift */; };
		B493255828FB587100E12C4A /* FiltersViewModel.swift in Sources */ = {isa = PBXBuildFile; fileRef = B493255728FB587100E12C4A /* FiltersViewModel.swift */; };
/* End PBXBuildFile section */

/* Begin PBXContainerItemProxy section */
		B416573228F9BBA800DB5506 /* PBXContainerItemProxy */ = {
			isa = PBXContainerItemProxy;
			containerPortal = B416571928F9BBA600DB5506 /* Project object */;
			proxyType = 1;
			remoteGlobalIDString = B416572028F9BBA600DB5506;
			remoteInfo = Cars;
		};
		B416573C28F9BBA800DB5506 /* PBXContainerItemProxy */ = {
			isa = PBXContainerItemProxy;
			containerPortal = B416571928F9BBA600DB5506 /* Project object */;
			proxyType = 1;
			remoteGlobalIDString = B416572028F9BBA600DB5506;
			remoteInfo = Cars;
		};
/* End PBXContainerItemProxy section */

/* Begin PBXFileReference section */
		B416572128F9BBA600DB5506 /* Cars.app */ = {isa = PBXFileReference; explicitFileType = wrapper.application; includeInIndex = 0; path = Cars.app; sourceTree = BUILT_PRODUCTS_DIR; };
		B416572428F9BBA600DB5506 /* CarsApp.swift */ = {isa = PBXFileReference; lastKnownFileType = sourcecode.swift; path = CarsApp.swift; sourceTree = "<group>"; };
		B416572628F9BBA600DB5506 /* ContentView.swift */ = {isa = PBXFileReference; lastKnownFileType = sourcecode.swift; path = ContentView.swift; sourceTree = "<group>"; };
		B416572828F9BBA800DB5506 /* Assets.xcassets */ = {isa = PBXFileReference; lastKnownFileType = folder.assetcatalog; path = Assets.xcassets; sourceTree = "<group>"; };
		B416572B28F9BBA800DB5506 /* Preview Assets.xcassets */ = {isa = PBXFileReference; lastKnownFileType = folder.assetcatalog; path = "Preview Assets.xcassets"; sourceTree = "<group>"; };
		B416573128F9BBA800DB5506 /* CarsTests.xctest */ = {isa = PBXFileReference; explicitFileType = wrapper.cfbundle; includeInIndex = 0; path = CarsTests.xctest; sourceTree = BUILT_PRODUCTS_DIR; };
		B416573B28F9BBA800DB5506 /* CarsUITests.xctest */ = {isa = PBXFileReference; explicitFileType = wrapper.cfbundle; includeInIndex = 0; path = CarsUITests.xctest; sourceTree = BUILT_PRODUCTS_DIR; };
		B416573F28F9BBA800DB5506 /* CarsUITests.swift */ = {isa = PBXFileReference; lastKnownFileType = sourcecode.swift; path = CarsUITests.swift; sourceTree = "<group>"; };
		B416574128F9BBA800DB5506 /* CarsUITestsLaunchTests.swift */ = {isa = PBXFileReference; lastKnownFileType = sourcecode.swift; path = CarsUITestsLaunchTests.swift; sourceTree = "<group>"; };
		B491D4C528F9CE440096A299 /* car_list.json */ = {isa = PBXFileReference; fileEncoding = 4; lastKnownFileType = text.json; path = car_list.json; sourceTree = "<group>"; };
		B491D4C728F9CF070096A299 /* Colors.xcassets */ = {isa = PBXFileReference; lastKnownFileType = folder.assetcatalog; path = Colors.xcassets; sourceTree = "<group>"; };
		B491D4C928F9D1DB0096A299 /* Car.swift */ = {isa = PBXFileReference; lastKnownFileType = sourcecode.swift; path = Car.swift; sourceTree = "<group>"; };
		B491D4CD28F9D8220096A299 /* CarDetailView.swift */ = {isa = PBXFileReference; lastKnownFileType = sourcecode.swift; path = CarDetailView.swift; sourceTree = "<group>"; };
		B491D4D028F9D9390096A299 /* CarDetailViewModel.swift */ = {isa = PBXFileReference; lastKnownFileType = sourcecode.swift; path = CarDetailViewModel.swift; sourceTree = "<group>"; };
		B491D4D328F9E2DC0096A299 /* Color+Extensions.swift */ = {isa = PBXFileReference; lastKnownFileType = sourcecode.swift; path = "Color+Extensions.swift"; sourceTree = "<group>"; };
		B491D4D528F9E7470096A299 /* CarRatingView.swift */ = {isa = PBXFileReference; lastKnownFileType = sourcecode.swift; path = CarRatingView.swift; sourceTree = "<group>"; };
		B491D4D828F9EFAF0096A299 /* CarService.swift */ = {isa = PBXFileReference; lastKnownFileType = sourcecode.swift; path = CarService.swift; sourceTree = "<group>"; };
		B491D4DA28F9F14F0096A299 /* CarServiceTests.swift */ = {isa = PBXFileReference; lastKnownFileType = sourcecode.swift; path = CarServiceTests.swift; sourceTree = "<group>"; };
		B491D4DC28F9F7C20096A299 /* CarsListView.swift */ = {isa = PBXFileReference; lastKnownFileType = sourcecode.swift; path = CarsListView.swift; sourceTree = "<group>"; };
		B491D4DE28F9F7F70096A299 /* CarsListViewModel.swift */ = {isa = PBXFileReference; lastKnownFileType = sourcecode.swift; path = CarsListViewModel.swift; sourceTree = "<group>"; };
		B491D4E028F9FCEB0096A299 /* CartDetailViewModelTests.swift */ = {isa = PBXFileReference; lastKnownFileType = sourcecode.swift; path = CartDetailViewModelTests.swift; sourceTree = "<group>"; };
		B493254928FAA56E00E12C4A /* SeparatorView.swift */ = {isa = PBXFileReference; lastKnownFileType = sourcecode.swift; path = SeparatorView.swift; sourceTree = "<group>"; };
		B493254B28FAB83500E12C4A /* BulletPointView.swift */ = {isa = PBXFileReference; lastKnownFileType = sourcecode.swift; path = BulletPointView.swift; sourceTree = "<group>"; };
		B493254D28FB0C3D00E12C4A /* FiltersView.swift */ = {isa = PBXFileReference; lastKnownFileType = sourcecode.swift; path = FiltersView.swift; sourceTree = "<group>"; };
		B493254F28FB185600E12C4A /* Make.swift */ = {isa = PBXFileReference; lastKnownFileType = sourcecode.swift; path = Make.swift; sourceTree = "<group>"; };
		B493255128FB18C200E12C4A /* Model.swift */ = {isa = PBXFileReference; lastKnownFileType = sourcecode.swift; path = Model.swift; sourceTree = "<group>"; };
		B493255328FB25B900E12C4A /* CarsListViewModelTests.swift */ = {isa = PBXFileReference; lastKnownFileType = sourcecode.swift; path = CarsListViewModelTests.swift; sourceTree = "<group>"; };
		B493255528FB4F7400E12C4A /* String+Extension.swift */ = {isa = PBXFileReference; lastKnownFileType = sourcecode.swift; path = "String+Extension.swift"; sourceTree = "<group>"; };
		B493255728FB587100E12C4A /* FiltersViewModel.swift */ = {isa = PBXFileReference; lastKnownFileType = sourcecode.swift; path = FiltersViewModel.swift; sourceTree = "<group>"; };
/* End PBXFileReference section */

/* Begin PBXFrameworksBuildPhase section */
		B416571E28F9BBA600DB5506 /* Frameworks */ = {
			isa = PBXFrameworksBuildPhase;
			buildActionMask = 2147483647;
			files = (
			);
			runOnlyForDeploymentPostprocessing = 0;
		};
		B416572E28F9BBA800DB5506 /* Frameworks */ = {
			isa = PBXFrameworksBuildPhase;
			buildActionMask = 2147483647;
			files = (
			);
			runOnlyForDeploymentPostprocessing = 0;
		};
		B416573828F9BBA800DB5506 /* Frameworks */ = {
			isa = PBXFrameworksBuildPhase;
			buildActionMask = 2147483647;
			files = (
			);
			runOnlyForDeploymentPostprocessing = 0;
		};
/* End PBXFrameworksBuildPhase section */

/* Begin PBXGroup section */
		B416571828F9BBA600DB5506 = {
			isa = PBXGroup;
			children = (
				B416572328F9BBA600DB5506 /* Cars */,
				B416573428F9BBA800DB5506 /* CarsTests */,
				B416573E28F9BBA800DB5506 /* CarsUITests */,
				B416572228F9BBA600DB5506 /* Products */,
			);
			sourceTree = "<group>";
		};
		B416572228F9BBA600DB5506 /* Products */ = {
			isa = PBXGroup;
			children = (
				B416572128F9BBA600DB5506 /* Cars.app */,
				B416573128F9BBA800DB5506 /* CarsTests.xctest */,
				B416573B28F9BBA800DB5506 /* CarsUITests.xctest */,
			);
			name = Products;
			sourceTree = "<group>";
		};
		B416572328F9BBA600DB5506 /* Cars */ = {
			isa = PBXGroup;
			children = (
				B491D4D228F9E2CA0096A299 /* Utils */,
				B491D4CF28F9D9210096A299 /* ViewModels */,
				B491D4CC28F9D8140096A299 /* Views */,
				B491D4CB28F9D1E40096A299 /* Models */,
				B491D4BA28F9CDF50096A299 /* Resources */,
				B491D4D728F9EF9B0096A299 /* Services */,
				B416572428F9BBA600DB5506 /* CarsApp.swift */,
				B416572628F9BBA600DB5506 /* ContentView.swift */,
				B416572828F9BBA800DB5506 /* Assets.xcassets */,
				B491D4C728F9CF070096A299 /* Colors.xcassets */,
				B416572A28F9BBA800DB5506 /* Preview Content */,
			);
			path = Cars;
			sourceTree = "<group>";
		};
		B416572A28F9BBA800DB5506 /* Preview Content */ = {
			isa = PBXGroup;
			children = (
				B416572B28F9BBA800DB5506 /* Preview Assets.xcassets */,
			);
			path = "Preview Content";
			sourceTree = "<group>";
		};
		B416573428F9BBA800DB5506 /* CarsTests */ = {
			isa = PBXGroup;
			children = (
				B491D4DA28F9F14F0096A299 /* CarServiceTests.swift */,
				B491D4E028F9FCEB0096A299 /* CartDetailViewModelTests.swift */,
				B493255328FB25B900E12C4A /* CarsListViewModelTests.swift */,
			);
			path = CarsTests;
			sourceTree = "<group>";
		};
		B416573E28F9BBA800DB5506 /* CarsUITests */ = {
			isa = PBXGroup;
			children = (
				B416573F28F9BBA800DB5506 /* CarsUITests.swift */,
				B416574128F9BBA800DB5506 /* CarsUITestsLaunchTests.swift */,
			);
			path = CarsUITests;
			sourceTree = "<group>";
		};
		B491D4BA28F9CDF50096A299 /* Resources */ = {
			isa = PBXGroup;
			children = (
				B491D4C528F9CE440096A299 /* car_list.json */,
			);
			path = Resources;
			sourceTree = "<group>";
		};
		B491D4CB28F9D1E40096A299 /* Models */ = {
			isa = PBXGroup;
			children = (
				B491D4C928F9D1DB0096A299 /* Car.swift */,
				B493254F28FB185600E12C4A /* Make.swift */,
				B493255128FB18C200E12C4A /* Model.swift */,
			);
			path = Models;
			sourceTree = "<group>";
		};
		B491D4CC28F9D8140096A299 /* Views */ = {
			isa = PBXGroup;
			children = (
				B491D4DC28F9F7C20096A299 /* CarsListView.swift */,
				B493254D28FB0C3D00E12C4A /* FiltersView.swift */,
				B493254928FAA56E00E12C4A /* SeparatorView.swift */,
				B493254B28FAB83500E12C4A /* BulletPointView.swift */,
				B491D4CD28F9D8220096A299 /* CarDetailView.swift */,
				B491D4D528F9E7470096A299 /* CarRatingView.swift */,
			);
			path = Views;
			sourceTree = "<group>";
		};
		B491D4CF28F9D9210096A299 /* ViewModels */ = {
			isa = PBXGroup;
			children = (
				B491D4D028F9D9390096A299 /* CarDetailViewModel.swift */,
				B491D4DE28F9F7F70096A299 /* CarsListViewModel.swift */,
				B493255728FB587100E12C4A /* FiltersViewModel.swift */,
			);
			path = ViewModels;
			sourceTree = "<group>";
		};
		B491D4D228F9E2CA0096A299 /* Utils */ = {
			isa = PBXGroup;
			children = (
				B491D4D328F9E2DC0096A299 /* Color+Extensions.swift */,
				B493255528FB4F7400E12C4A /* String+Extension.swift */,
			);
			path = Utils;
			sourceTree = "<group>";
		};
		B491D4D728F9EF9B0096A299 /* Services */ = {
			isa = PBXGroup;
			children = (
				B491D4D828F9EFAF0096A299 /* CarService.swift */,
			);
			path = Services;
			sourceTree = "<group>";
		};
/* End PBXGroup section */

/* Begin PBXNativeTarget section */
		B416572028F9BBA600DB5506 /* Cars */ = {
			isa = PBXNativeTarget;
			buildConfigurationList = B416574528F9BBA800DB5506 /* Build configuration list for PBXNativeTarget "Cars" */;
			buildPhases = (
				B416571D28F9BBA600DB5506 /* Sources */,
				B416571E28F9BBA600DB5506 /* Frameworks */,
				B416571F28F9BBA600DB5506 /* Resources */,
			);
			buildRules = (
			);
			dependencies = (
			);
			name = Cars;
			productName = Cars;
			productReference = B416572128F9BBA600DB5506 /* Cars.app */;
			productType = "com.apple.product-type.application";
		};
		B416573028F9BBA800DB5506 /* CarsTests */ = {
			isa = PBXNativeTarget;
			buildConfigurationList = B416574828F9BBA800DB5506 /* Build configuration list for PBXNativeTarget "CarsTests" */;
			buildPhases = (
				B416572D28F9BBA800DB5506 /* Sources */,
				B416572E28F9BBA800DB5506 /* Frameworks */,
				B416572F28F9BBA800DB5506 /* Resources */,
			);
			buildRules = (
			);
			dependencies = (
				B416573328F9BBA800DB5506 /* PBXTargetDependency */,
			);
			name = CarsTests;
			productName = CarsTests;
			productReference = B416573128F9BBA800DB5506 /* CarsTests.xctest */;
			productType = "com.apple.product-type.bundle.unit-test";
		};
		B416573A28F9BBA800DB5506 /* CarsUITests */ = {
			isa = PBXNativeTarget;
			buildConfigurationList = B416574B28F9BBA800DB5506 /* Build configuration list for PBXNativeTarget "CarsUITests" */;
			buildPhases = (
				B416573728F9BBA800DB5506 /* Sources */,
				B416573828F9BBA800DB5506 /* Frameworks */,
				B416573928F9BBA800DB5506 /* Resources */,
			);
			buildRules = (
			);
			dependencies = (
				B416573D28F9BBA800DB5506 /* PBXTargetDependency */,
			);
			name = CarsUITests;
			productName = CarsUITests;
			productReference = B416573B28F9BBA800DB5506 /* CarsUITests.xctest */;
			productType = "com.apple.product-type.bundle.ui-testing";
		};
/* End PBXNativeTarget section */

/* Begin PBXProject section */
		B416571928F9BBA600DB5506 /* Project object */ = {
			isa = PBXProject;
			attributes = {
				BuildIndependentTargetsInParallel = 1;
				LastSwiftUpdateCheck = 1340;
				LastUpgradeCheck = 1340;
				TargetAttributes = {
					B416572028F9BBA600DB5506 = {
						CreatedOnToolsVersion = 13.4.1;
					};
					B416573028F9BBA800DB5506 = {
						CreatedOnToolsVersion = 13.4.1;
						TestTargetID = B416572028F9BBA600DB5506;
					};
					B416573A28F9BBA800DB5506 = {
						CreatedOnToolsVersion = 13.4.1;
						TestTargetID = B416572028F9BBA600DB5506;
					};
				};
			};
			buildConfigurationList = B416571C28F9BBA600DB5506 /* Build configuration list for PBXProject "Cars" */;
			compatibilityVersion = "Xcode 13.0";
			developmentRegion = en;
			hasScannedForEncodings = 0;
			knownRegions = (
				en,
				Base,
			);
			mainGroup = B416571828F9BBA600DB5506;
			productRefGroup = B416572228F9BBA600DB5506 /* Products */;
			projectDirPath = "";
			projectRoot = "";
			targets = (
				B416572028F9BBA600DB5506 /* Cars */,
				B416573028F9BBA800DB5506 /* CarsTests */,
				B416573A28F9BBA800DB5506 /* CarsUITests */,
			);
		};
/* End PBXProject section */

/* Begin PBXResourcesBuildPhase section */
		B416571F28F9BBA600DB5506 /* Resources */ = {
			isa = PBXResourcesBuildPhase;
			buildActionMask = 2147483647;
			files = (
				B416572C28F9BBA800DB5506 /* Preview Assets.xcassets in Resources */,
				B491D4C628F9CE440096A299 /* car_list.json in Resources */,
				B416572928F9BBA800DB5506 /* Assets.xcassets in Resources */,
				B491D4C828F9CF070096A299 /* Colors.xcassets in Resources */,
			);
			runOnlyForDeploymentPostprocessing = 0;
		};
		B416572F28F9BBA800DB5506 /* Resources */ = {
			isa = PBXResourcesBuildPhase;
			buildActionMask = 2147483647;
			files = (
			);
			runOnlyForDeploymentPostprocessing = 0;
		};
		B416573928F9BBA800DB5506 /* Resources */ = {
			isa = PBXResourcesBuildPhase;
			buildActionMask = 2147483647;
			files = (
			);
			runOnlyForDeploymentPostprocessing = 0;
		};
/* End PBXResourcesBuildPhase section */

/* Begin PBXSourcesBuildPhase section */
		B416571D28F9BBA600DB5506 /* Sources */ = {
			isa = PBXSourcesBuildPhase;
			buildActionMask = 2147483647;
			files = (
				B493255628FB4F7400E12C4A /* String+Extension.swift in Sources */,
				B493255828FB587100E12C4A /* FiltersViewModel.swift in Sources */,
				B493255228FB18C200E12C4A /* Model.swift in Sources */,
				B493254E28FB0C3D00E12C4A /* FiltersView.swift in Sources */,
				B493254A28FAA56E00E12C4A /* SeparatorView.swift in Sources */,
				B493254C28FAB83500E12C4A /* BulletPointView.swift in Sources */,
				B491D4D628F9E7470096A299 /* CarRatingView.swift in Sources */,
				B491D4D128F9D9390096A299 /* CarDetailViewModel.swift in Sources */,
				B491D4D928F9EFAF0096A299 /* CarService.swift in Sources */,
				B416572728F9BBA600DB5506 /* ContentView.swift in Sources */,
				B416572528F9BBA600DB5506 /* CarsApp.swift in Sources */,
				B491D4DF28F9F7F70096A299 /* CarsListViewModel.swift in Sources */,
				B493255028FB185600E12C4A /* Make.swift in Sources */,
				B491D4DD28F9F7C20096A299 /* CarsListView.swift in Sources */,
				B491D4CE28F9D8220096A299 /* CarDetailView.swift in Sources */,
				B491D4CA28F9D1DB0096A299 /* Car.swift in Sources */,
				B491D4D428F9E2DC0096A299 /* Color+Extensions.swift in Sources */,
			);
			runOnlyForDeploymentPostprocessing = 0;
		};
		B416572D28F9BBA800DB5506 /* Sources */ = {
			isa = PBXSourcesBuildPhase;
			buildActionMask = 2147483647;
			files = (
				B491D4DB28F9F14F0096A299 /* CarServiceTests.swift in Sources */,
				B491D4E128F9FCEB0096A299 /* CartDetailViewModelTests.swift in Sources */,
				B493255428FB25B900E12C4A /* CarsListViewModelTests.swift in Sources */,
			);
			runOnlyForDeploymentPostprocessing = 0;
		};
		B416573728F9BBA800DB5506 /* Sources */ = {
			isa = PBXSourcesBuildPhase;
			buildActionMask = 2147483647;
			files = (
				B416574028F9BBA800DB5506 /* CarsUITests.swift in Sources */,
				B416574228F9BBA800DB5506 /* CarsUITestsLaunchTests.swift in Sources */,
			);
			runOnlyForDeploymentPostprocessing = 0;
		};
/* End PBXSourcesBuildPhase section */

/* Begin PBXTargetDependency section */
		B416573328F9BBA800DB5506 /* PBXTargetDependency */ = {
			isa = PBXTargetDependency;
			target = B416572028F9BBA600DB5506 /* Cars */;
			targetProxy = B416573228F9BBA800DB5506 /* PBXContainerItemProxy */;
		};
		B416573D28F9BBA800DB5506 /* PBXTargetDependency */ = {
			isa = PBXTargetDependency;
			target = B416572028F9BBA600DB5506 /* Cars */;
			targetProxy = B416573C28F9BBA800DB5506 /* PBXContainerItemProxy */;
		};
/* End PBXTargetDependency section */

/* Begin XCBuildConfiguration section */
		B416574328F9BBA800DB5506 /* Debug */ = {
			isa = XCBuildConfiguration;
			buildSettings = {
				ALWAYS_SEARCH_USER_PATHS = NO;
				CLANG_ANALYZER_NONNULL = YES;
				CLANG_ANALYZER_NUMBER_OBJECT_CONVERSION = YES_AGGRESSIVE;
				CLANG_CXX_LANGUAGE_STANDARD = "gnu++17";
				CLANG_ENABLE_MODULES = YES;
				CLANG_ENABLE_OBJC_ARC = YES;
				CLANG_ENABLE_OBJC_WEAK = YES;
				CLANG_WARN_BLOCK_CAPTURE_AUTORELEASING = YES;
				CLANG_WARN_BOOL_CONVERSION = YES;
				CLANG_WARN_COMMA = YES;
				CLANG_WARN_CONSTANT_CONVERSION = YES;
				CLANG_WARN_DEPRECATED_OBJC_IMPLEMENTATIONS = YES;
				CLANG_WARN_DIRECT_OBJC_ISA_USAGE = YES_ERROR;
				CLANG_WARN_DOCUMENTATION_COMMENTS = YES;
				CLANG_WARN_EMPTY_BODY = YES;
				CLANG_WARN_ENUM_CONVERSION = YES;
				CLANG_WARN_INFINITE_RECURSION = YES;
				CLANG_WARN_INT_CONVERSION = YES;
				CLANG_WARN_NON_LITERAL_NULL_CONVERSION = YES;
				CLANG_WARN_OBJC_IMPLICIT_RETAIN_SELF = YES;
				CLANG_WARN_OBJC_LITERAL_CONVERSION = YES;
				CLANG_WARN_OBJC_ROOT_CLASS = YES_ERROR;
				CLANG_WARN_QUOTED_INCLUDE_IN_FRAMEWORK_HEADER = YES;
				CLANG_WARN_RANGE_LOOP_ANALYSIS = YES;
				CLANG_WARN_STRICT_PROTOTYPES = YES;
				CLANG_WARN_SUSPICIOUS_MOVE = YES;
				CLANG_WARN_UNGUARDED_AVAILABILITY = YES_AGGRESSIVE;
				CLANG_WARN_UNREACHABLE_CODE = YES;
				CLANG_WARN__DUPLICATE_METHOD_MATCH = YES;
				COPY_PHASE_STRIP = NO;
				DEBUG_INFORMATION_FORMAT = dwarf;
				ENABLE_STRICT_OBJC_MSGSEND = YES;
				ENABLE_TESTABILITY = YES;
				GCC_C_LANGUAGE_STANDARD = gnu11;
				GCC_DYNAMIC_NO_PIC = NO;
				GCC_NO_COMMON_BLOCKS = YES;
				GCC_OPTIMIZATION_LEVEL = 0;
				GCC_PREPROCESSOR_DEFINITIONS = (
					"DEBUG=1",
					"$(inherited)",
				);
				GCC_WARN_64_TO_32_BIT_CONVERSION = YES;
				GCC_WARN_ABOUT_RETURN_TYPE = YES_ERROR;
				GCC_WARN_UNDECLARED_SELECTOR = YES;
				GCC_WARN_UNINITIALIZED_AUTOS = YES_AGGRESSIVE;
				GCC_WARN_UNUSED_FUNCTION = YES;
				GCC_WARN_UNUSED_VARIABLE = YES;
				IPHONEOS_DEPLOYMENT_TARGET = 15.5;
				MTL_ENABLE_DEBUG_INFO = INCLUDE_SOURCE;
				MTL_FAST_MATH = YES;
				ONLY_ACTIVE_ARCH = YES;
				SDKROOT = iphoneos;
				SWIFT_ACTIVE_COMPILATION_CONDITIONS = DEBUG;
				SWIFT_OPTIMIZATION_LEVEL = "-Onone";
			};
			name = Debug;
		};
		B416574428F9BBA800DB5506 /* Release */ = {
			isa = XCBuildConfiguration;
			buildSettings = {
				ALWAYS_SEARCH_USER_PATHS = NO;
				CLANG_ANALYZER_NONNULL = YES;
				CLANG_ANALYZER_NUMBER_OBJECT_CONVERSION = YES_AGGRESSIVE;
				CLANG_CXX_LANGUAGE_STANDARD = "gnu++17";
				CLANG_ENABLE_MODULES = YES;
				CLANG_ENABLE_OBJC_ARC = YES;
				CLANG_ENABLE_OBJC_WEAK = YES;
				CLANG_WARN_BLOCK_CAPTURE_AUTORELEASING = YES;
				CLANG_WARN_BOOL_CONVERSION = YES;
				CLANG_WARN_COMMA = YES;
				CLANG_WARN_CONSTANT_CONVERSION = YES;
				CLANG_WARN_DEPRECATED_OBJC_IMPLEMENTATIONS = YES;
				CLANG_WARN_DIRECT_OBJC_ISA_USAGE = YES_ERROR;
				CLANG_WARN_DOCUMENTATION_COMMENTS = YES;
				CLANG_WARN_EMPTY_BODY = YES;
				CLANG_WARN_ENUM_CONVERSION = YES;
				CLANG_WARN_INFINITE_RECURSION = YES;
				CLANG_WARN_INT_CONVERSION = YES;
				CLANG_WARN_NON_LITERAL_NULL_CONVERSION = YES;
				CLANG_WARN_OBJC_IMPLICIT_RETAIN_SELF = YES;
				CLANG_WARN_OBJC_LITERAL_CONVERSION = YES;
				CLANG_WARN_OBJC_ROOT_CLASS = YES_ERROR;
				CLANG_WARN_QUOTED_INCLUDE_IN_FRAMEWORK_HEADER = YES;
				CLANG_WARN_RANGE_LOOP_ANALYSIS = YES;
				CLANG_WARN_STRICT_PROTOTYPES = YES;
				CLANG_WARN_SUSPICIOUS_MOVE = YES;
				CLANG_WARN_UNGUARDED_AVAILABILITY = YES_AGGRESSIVE;
				CLANG_WARN_UNREACHABLE_CODE = YES;
				CLANG_WARN__DUPLICATE_METHOD_MATCH = YES;
				COPY_PHASE_STRIP = NO;
				DEBUG_INFORMATION_FORMAT = "dwarf-with-dsym";
				ENABLE_NS_ASSERTIONS = NO;
				ENABLE_STRICT_OBJC_MSGSEND = YES;
				GCC_C_LANGUAGE_STANDARD = gnu11;
				GCC_NO_COMMON_BLOCKS = YES;
				GCC_WARN_64_TO_32_BIT_CONVERSION = YES;
				GCC_WARN_ABOUT_RETURN_TYPE = YES_ERROR;
				GCC_WARN_UNDECLARED_SELECTOR = YES;
				GCC_WARN_UNINITIALIZED_AUTOS = YES_AGGRESSIVE;
				GCC_WARN_UNUSED_FUNCTION = YES;
				GCC_WARN_UNUSED_VARIABLE = YES;
				IPHONEOS_DEPLOYMENT_TARGET = 15.5;
				MTL_ENABLE_DEBUG_INFO = NO;
				MTL_FAST_MATH = YES;
				SDKROOT = iphoneos;
				SWIFT_COMPILATION_MODE = wholemodule;
				SWIFT_OPTIMIZATION_LEVEL = "-O";
				VALIDATE_PRODUCT = YES;
			};
			name = Release;
		};
		B416574628F9BBA800DB5506 /* Debug */ = {
			isa = XCBuildConfiguration;
			buildSettings = {
				ASSETCATALOG_COMPILER_APPICON_NAME = AppIcon;
				ASSETCATALOG_COMPILER_GLOBAL_ACCENT_COLOR_NAME = AccentColor;
				CODE_SIGN_STYLE = Automatic;
				CURRENT_PROJECT_VERSION = 1;
				DEVELOPMENT_ASSET_PATHS = "\"Cars/Preview Content\"";
				DEVELOPMENT_TEAM = 8BC8NA369A;
				ENABLE_PREVIEWS = YES;
				GENERATE_INFOPLIST_FILE = YES;
				INFOPLIST_KEY_UIApplicationSceneManifest_Generation = YES;
				INFOPLIST_KEY_UIApplicationSupportsIndirectInputEvents = YES;
				INFOPLIST_KEY_UILaunchScreen_Generation = YES;
				INFOPLIST_KEY_UISupportedInterfaceOrientations_iPad = "UIInterfaceOrientationPortrait UIInterfaceOrientationPortraitUpsideDown UIInterfaceOrientationLandscapeLeft UIInterfaceOrientationLandscapeRight";
				INFOPLIST_KEY_UISupportedInterfaceOrientations_iPhone = "UIInterfaceOrientationPortrait UIInterfaceOrientationLandscapeLeft UIInterfaceOrientationLandscapeRight";
				LD_RUNPATH_SEARCH_PATHS = (
					"$(inherited)",
					"@executable_path/Frameworks",
				);
				MARKETING_VERSION = 1.0;
				PRODUCT_BUNDLE_IDENTIFIER = com.belarrem.Cars;
				PRODUCT_NAME = "$(TARGET_NAME)";
				SWIFT_EMIT_LOC_STRINGS = YES;
				SWIFT_VERSION = 5.0;
				TARGETED_DEVICE_FAMILY = "1,2";
			};
			name = Debug;
		};
		B416574728F9BBA800DB5506 /* Release */ = {
			isa = XCBuildConfiguration;
			buildSettings = {
				ASSETCATALOG_COMPILER_APPICON_NAME = AppIcon;
				ASSETCATALOG_COMPILER_GLOBAL_ACCENT_COLOR_NAME = AccentColor;
				CODE_SIGN_STYLE = Automatic;
				CURRENT_PROJECT_VERSION = 1;
				DEVELOPMENT_ASSET_PATHS = "\"Cars/Preview Content\"";
				DEVELOPMENT_TEAM = 8BC8NA369A;
				ENABLE_PREVIEWS = YES;
				GENERATE_INFOPLIST_FILE = YES;
				INFOPLIST_KEY_UIApplicationSceneManifest_Generation = YES;
				INFOPLIST_KEY_UIApplicationSupportsIndirectInputEvents = YES;
				INFOPLIST_KEY_UILaunchScreen_Generation = YES;
				INFOPLIST_KEY_UISupportedInterfaceOrientations_iPad = "UIInterfaceOrientationPortrait UIInterfaceOrientationPortraitUpsideDown UIInterfaceOrientationLandscapeLeft UIInterfaceOrientationLandscapeRight";
				INFOPLIST_KEY_UISupportedInterfaceOrientations_iPhone = "UIInterfaceOrientationPortrait UIInterfaceOrientationLandscapeLeft UIInterfaceOrientationLandscapeRight";
				LD_RUNPATH_SEARCH_PATHS = (
					"$(inherited)",
					"@executable_path/Frameworks",
				);
				MARKETING_VERSION = 1.0;
				PRODUCT_BUNDLE_IDENTIFIER = com.belarrem.Cars;
				PRODUCT_NAME = "$(TARGET_NAME)";
				SWIFT_EMIT_LOC_STRINGS = YES;
				SWIFT_VERSION = 5.0;
				TARGETED_DEVICE_FAMILY = "1,2";
			};
			name = Release;
		};
		B416574928F9BBA800DB5506 /* Debug */ = {
			isa = XCBuildConfiguration;
			buildSettings = {
				ALWAYS_EMBED_SWIFT_STANDARD_LIBRARIES = YES;
				BUNDLE_LOADER = "$(TEST_HOST)";
				CODE_SIGN_STYLE = Automatic;
				CURRENT_PROJECT_VERSION = 1;
				DEVELOPMENT_TEAM = 8BC8NA369A;
				GENERATE_INFOPLIST_FILE = YES;
				IPHONEOS_DEPLOYMENT_TARGET = 15.5;
				MARKETING_VERSION = 1.0;
				PRODUCT_BUNDLE_IDENTIFIER = com.belarrem.CarsTests;
				PRODUCT_NAME = "$(TARGET_NAME)";
				SWIFT_EMIT_LOC_STRINGS = NO;
				SWIFT_VERSION = 5.0;
				TARGETED_DEVICE_FAMILY = "1,2";
				TEST_HOST = "$(BUILT_PRODUCTS_DIR)/Cars.app/Cars";
			};
			name = Debug;
		};
		B416574A28F9BBA800DB5506 /* Release */ = {
			isa = XCBuildConfiguration;
			buildSettings = {
				ALWAYS_EMBED_SWIFT_STANDARD_LIBRARIES = YES;
				BUNDLE_LOADER = "$(TEST_HOST)";
				CODE_SIGN_STYLE = Automatic;
				CURRENT_PROJECT_VERSION = 1;
				DEVELOPMENT_TEAM = 8BC8NA369A;
				GENERATE_INFOPLIST_FILE = YES;
				IPHONEOS_DEPLOYMENT_TARGET = 15.5;
				MARKETING_VERSION = 1.0;
				PRODUCT_BUNDLE_IDENTIFIER = com.belarrem.CarsTests;
				PRODUCT_NAME = "$(TARGET_NAME)";
				SWIFT_EMIT_LOC_STRINGS = NO;
				SWIFT_VERSION = 5.0;
				TARGETED_DEVICE_FAMILY = "1,2";
				TEST_HOST = "$(BUILT_PRODUCTS_DIR)/Cars.app/Cars";
			};
			name = Release;
		};
		B416574C28F9BBA800DB5506 /* Debug */ = {
			isa = XCBuildConfiguration;
			buildSettings = {
				ALWAYS_EMBED_SWIFT_STANDARD_LIBRARIES = YES;
				CODE_SIGN_STYLE = Automatic;
				CURRENT_PROJECT_VERSION = 1;
				DEVELOPMENT_TEAM = 8BC8NA369A;
				GENERATE_INFOPLIST_FILE = YES;
				MARKETING_VERSION = 1.0;
				PRODUCT_BUNDLE_IDENTIFIER = com.belarrem.CarsUITests;
				PRODUCT_NAME = "$(TARGET_NAME)";
				SWIFT_EMIT_LOC_STRINGS = NO;
				SWIFT_VERSION = 5.0;
				TARGETED_DEVICE_FAMILY = "1,2";
				TEST_TARGET_NAME = Cars;
			};
			name = Debug;
		};
		B416574D28F9BBA800DB5506 /* Release */ = {
			isa = XCBuildConfiguration;
			buildSettings = {
				ALWAYS_EMBED_SWIFT_STANDARD_LIBRARIES = YES;
				CODE_SIGN_STYLE = Automatic;
				CURRENT_PROJECT_VERSION = 1;
				DEVELOPMENT_TEAM = 8BC8NA369A;
				GENERATE_INFOPLIST_FILE = YES;
				MARKETING_VERSION = 1.0;
				PRODUCT_BUNDLE_IDENTIFIER = com.belarrem.CarsUITests;
				PRODUCT_NAME = "$(TARGET_NAME)";
				SWIFT_EMIT_LOC_STRINGS = NO;
				SWIFT_VERSION = 5.0;
				TARGETED_DEVICE_FAMILY = "1,2";
				TEST_TARGET_NAME = Cars;
			};
			name = Release;
		};
/* End XCBuildConfiguration section */

/* Begin XCConfigurationList section */
		B416571C28F9BBA600DB5506 /* Build configuration list for PBXProject "Cars" */ = {
			isa = XCConfigurationList;
			buildConfigurations = (
				B416574328F9BBA800DB5506 /* Debug */,
				B416574428F9BBA800DB5506 /* Release */,
			);
			defaultConfigurationIsVisible = 0;
			defaultConfigurationName = Release;
		};
		B416574528F9BBA800DB5506 /* Build configuration list for PBXNativeTarget "Cars" */ = {
			isa = XCConfigurationList;
			buildConfigurations = (
				B416574628F9BBA800DB5506 /* Debug */,
				B416574728F9BBA800DB5506 /* Release */,
			);
			defaultConfigurationIsVisible = 0;
			defaultConfigurationName = Release;
		};
		B416574828F9BBA800DB5506 /* Build configuration list for PBXNativeTarget "CarsTests" */ = {
			isa = XCConfigurationList;
			buildConfigurations = (
				B416574928F9BBA800DB5506 /* Debug */,
				B416574A28F9BBA800DB5506 /* Release */,
			);
			defaultConfigurationIsVisible = 0;
			defaultConfigurationName = Release;
		};
		B416574B28F9BBA800DB5506 /* Build configuration list for PBXNativeTarget "CarsUITests" */ = {
			isa = XCConfigurationList;
			buildConfigurations = (
				B416574C28F9BBA800DB5506 /* Debug */,
				B416574D28F9BBA800DB5506 /* Release */,
			);
			defaultConfigurationIsVisible = 0;
			defaultConfigurationName = Release;
		};
/* End XCConfigurationList section */
	};
	rootObject = B416571928F9BBA600DB5506 /* Project object */;
}
